
Microsoft Visual Studio Solution File, Format Version 12.00
# Visual Studio Version 17
VisualStudioVersion = 17.0.32014.148
MinimumVisualStudioVersion = 10.0.40219.1
Project("{8BC9CEB8-8B4A-11D0-8D11-00A0C91BC942}") = "Infostealer", "Infostealer\Infostealer.vcxproj", "{7BCDACC5-B440-4D4E-9628-68F35BE14C99}"
EndProject
Global
	GlobalSection(SolutionConfigurationPlatforms) = preSolution
		Debug|x64 = Debug|x64
		Debug|x86 = Debug|x86
		Release|x64 = Release|x64
		Release|x86 = Release|x86
	EndGlobalSection
	GlobalSection(ProjectConfigurationPlatforms) = postSolution
		{7BCDACC5-B440-4D4E-9628-68F35BE14C99}.Debug|x64.ActiveCfg = Debug|x64
		{7BCDACC5-B440-4D4E-9628-68F35BE14C99}.Debug|x64.Build.0 = Debug|x64
		{7BCDACC5-B440-4D4E-9628-68F35BE14C99}.Debug|x86.ActiveCfg = Debug|Win32
		{7BCDACC5-B440-4D4E-9628-68F35BE14C99}.Debug|x86.Build.0 = Debug|Win32
		{7BCDACC5-B440-4D4E-9628-68F35BE14C99}.Release|x64.ActiveCfg = Release|x64
		{7BCDACC5-B440-4D4E-9628-68F35BE14C99}.Release|x64.Build.0 = Release|x64
		{7BCDACC5-B440-4D4E-9628-68F35BE14C99}.Release|x86.ActiveCfg = Release|Win32
		{7BCDACC5-B440-4D4E-9628-68F35BE14C99}.Release|x86.Build.0 = Release|Win32
	EndGlobalSection
	GlobalSection(SolutionProperties) = preSolution
		HideSolutionNode = FALSE
	EndGlobalSection
	GlobalSection(ExtensibilityGlobals) = postSolution
		SolutionGuid = {50F7148B-7910-47DF-981A-0457B6049CA3}
	EndGlobalSection
EndGlobal
