
Microsoft Visual Studio Solution File, Format Version 12.00
# Visual Studio Version 17
VisualStudioVersion = 17.14.37027.9 d17.14
MinimumVisualStudioVersion = 10.0.40219.1
Project("{8BC9CEB8-8B4A-11D0-8D11-00A0C91BC942}") = "Infostealer-ng", "Infostealer-ng.vcxproj", "{136E5650-FCE5-4594-90EB-6D0D01548F62}"
EndProject
Global
	GlobalSection(SolutionConfigurationPlatforms) = preSolution
		Debug|x64 = Debug|x64
		Debug|x86 = Debug|x86
		Release|x64 = Release|x64
		Release|x86 = Release|x86
	EndGlobalSection
	GlobalSection(ProjectConfigurationPlatforms) = postSolution
		{136E5650-FCE5-4594-90EB-6D0D01548F62}.Debug|x64.ActiveCfg = Debug|x64
		{136E5650-FCE5-4594-90EB-6D0D01548F62}.Debug|x64.Build.0 = Debug|x64
		{136E5650-FCE5-4594-90EB-6D0D01548F62}.Debug|x86.ActiveCfg = Debug|Win32
		{136E5650-FCE5-4594-90EB-6D0D01548F62}.Debug|x86.Build.0 = Debug|Win32
		{136E5650-FCE5-4594-90EB-6D0D01548F62}.Release|x64.ActiveCfg = Release|x64
		{136E5650-FCE5-4594-90EB-6D0D01548F62}.Release|x64.Build.0 = Release|x64
		{136E5650-FCE5-4594-90EB-6D0D01548F62}.Release|x86.ActiveCfg = Release|Win32
		{136E5650-FCE5-4594-90EB-6D0D01548F62}.Release|x86.Build.0 = Release|Win32
	EndGlobalSection
	GlobalSection(SolutionProperties) = preSolution
		HideSolutionNode = FALSE
	EndGlobalSection
	GlobalSection(ExtensibilityGlobals) = postSolution
		SolutionGuid = {CEDAF4ED-69CA-46A0-B9A5-7D8FB393F6ED}
	EndGlobalSection
EndGlobal
